
Microsoft Visual Studio Solution File, Format Version 12.00
# Visual Studio 14
VisualStudioVersion = 14.0.25420.1
MinimumVisualStudioVersion = 10.0.40219.1
Project("{FAE04EC0-301F-11D3-BF4B-00C04F79EFBC}") = "He4.Projects.WinFormsScrolling", "He4.Projects.WinFormsScrolling\He4.Projects.WinFormsScrolling.csproj", "{1A90791C-6BBD-48E1-9A72-5E17F009A6E3}"
EndProject
Project("{FAE04EC0-301F-11D3-BF4B-00C04F79EFBC}") = "He4.Reflection", "He4.Reflection\He4.Reflection.csproj", "{A6A38F21-6CEA-4307-947D-66B991A78214}"
EndProject
Project("{FAE04EC0-301F-11D3-BF4B-00C04F79EFBC}") = "He4.Reflection.Tests", "He4.Reflection.Tests\He4.Reflection.Tests.csproj", "{BCE8E62E-FF8E-4B0B-A985-05B3EF509933}"
EndProject
Global
	GlobalSection(SolutionConfigurationPlatforms) = preSolution
		Debug|Any CPU = Debug|Any CPU
		Release|Any CPU = Release|Any CPU
	EndGlobalSection
	GlobalSection(ProjectConfigurationPlatforms) = postSolution
		{1A90791C-6BBD-48E1-9A72-5E17F009A6E3}.Debug|Any CPU.ActiveCfg = Debug|Any CPU
		{1A90791C-6BBD-48E1-9A72-5E17F009A6E3}.Debug|Any CPU.Build.0 = Debug|Any CPU
		{1A90791C-6BBD-48E1-9A72-5E17F009A6E3}.Release|Any CPU.ActiveCfg = Release|Any CPU
		{1A90791C-6BBD-48E1-9A72-5E17F009A6E3}.Release|Any CPU.Build.0 = Release|Any CPU
		{A6A38F21-6CEA-4307-947D-66B991A78214}.Debug|Any CPU.ActiveCfg = Debug|Any CPU
		{A6A38F21-6CEA-4307-947D-66B991A78214}.Debug|Any CPU.Build.0 = Debug|Any CPU
		{A6A38F21-6CEA-4307-947D-66B991A78214}.Release|Any CPU.ActiveCfg = Release|Any CPU
		{A6A38F21-6CEA-4307-947D-66B991A78214}.Release|Any CPU.Build.0 = Release|Any CPU
		{BCE8E62E-FF8E-4B0B-A985-05B3EF509933}.Debug|Any CPU.ActiveCfg = Debug|Any CPU
		{BCE8E62E-FF8E-4B0B-A985-05B3EF509933}.Debug|Any CPU.Build.0 = Debug|Any CPU
		{BCE8E62E-FF8E-4B0B-A985-05B3EF509933}.Release|Any CPU.ActiveCfg = Release|Any CPU
		{BCE8E62E-FF8E-4B0B-A985-05B3EF509933}.Release|Any CPU.Build.0 = Release|Any CPU
	EndGlobalSection
	GlobalSection(SolutionProperties) = preSolution
		HideSolutionNode = FALSE
	EndGlobalSection
EndGlobal
